
Microsoft Visual Studio Solution File, Format Version 12.00
# Visual Studio Version 17
VisualStudioVersion = 17.4.33110.190
MinimumVisualStudioVersion = 10.0.40219.1
Project("{9A19103F-16F7-4668-BE54-9A1E7A4F7556}") = "Labb3ProgTemplate", "Labb3\Labb3ProgTemplate.csproj", "{BDDA76C2-8AE5-43AD-9C02-91271162B2A4}"
EndProject
Global
	GlobalSection(SolutionConfigurationPlatforms) = preSolution
		Debug|Any CPU = Debug|Any CPU
		Release|Any CPU = Release|Any CPU
	EndGlobalSection
	GlobalSection(ProjectConfigurationPlatforms) = postSolution
		{BDDA76C2-8AE5-43AD-9C02-91271162B2A4}.Debug|Any CPU.ActiveCfg = Debug|Any CPU
		{BDDA76C2-8AE5-43AD-9C02-91271162B2A4}.Debug|Any CPU.Build.0 = Debug|Any CPU
		{BDDA76C2-8AE5-43AD-9C02-91271162B2A4}.Release|Any CPU.ActiveCfg = Release|Any CPU
		{BDDA76C2-8AE5-43AD-9C02-91271162B2A4}.Release|Any CPU.Build.0 = Release|Any CPU
	EndGlobalSection
	GlobalSection(SolutionProperties) = preSolution
		HideSolutionNode = FALSE
	EndGlobalSection
	GlobalSection(ExtensibilityGlobals) = postSolution
		SolutionGuid = {53D66220-2766-48D9-9D5F-C2BB404BEA8D}
	EndGlobalSection
EndGlobal
